
Microsoft Visual Studio Solution File, Format Version 12.00
# Visual Studio Version 16
VisualStudioVersion = 16.0.31129.286
MinimumVisualStudioVersion = 10.0.40219.1
Project("{FAE04EC0-301F-11D3-BF4B-00C04F79EFBC}") = "THI_TN_TEST", "THI_TN_TEST\THI_TN_TEST.csproj", "{B067F285-958A-42E1-9BB1-1D86F2B9B843}"
EndProject
Global
	GlobalSection(SolutionConfigurationPlatforms) = preSolution
		Debug|Any CPU = Debug|Any CPU
		Release|Any CPU = Release|Any CPU
	EndGlobalSection
	GlobalSection(ProjectConfigurationPlatforms) = postSolution
		{B067F285-958A-42E1-9BB1-1D86F2B9B843}.Debug|Any CPU.ActiveCfg = Debug|Any CPU
		{B067F285-958A-42E1-9BB1-1D86F2B9B843}.Debug|Any CPU.Build.0 = Debug|Any CPU
		{B067F285-958A-42E1-9BB1-1D86F2B9B843}.Release|Any CPU.ActiveCfg = Release|Any CPU
		{B067F285-958A-42E1-9BB1-1D86F2B9B843}.Release|Any CPU.Build.0 = Release|Any CPU
	EndGlobalSection
	GlobalSection(SolutionProperties) = preSolution
		HideSolutionNode = FALSE
	EndGlobalSection
	GlobalSection(ExtensibilityGlobals) = postSolution
		SolutionGuid = {14C3BBE0-ECEE-483F-88B7-BC43B3034AF4}
	EndGlobalSection
EndGlobal
